
Microsoft Visual Studio Solution File, Format Version 12.00
# Visual Studio Version 16
VisualStudioVersion = 16.0.31613.86
MinimumVisualStudioVersion = 10.0.40219.1
Project("{9A19103F-16F7-4668-BE54-9A1E7A4F7556}") = "EscapeHit.App", "EscapeHit.App\EscapeHit.App.csproj", "{5A84524E-C9B6-4052-81A9-6B5FDAD573AC}"
EndProject
Project("{9A19103F-16F7-4668-BE54-9A1E7A4F7556}") = "EscapeHit.App.Database", "EscapeHit.App.Database\EscapeHit.App.Database.csproj", "{EC7D9639-FDBB-4B03-913C-44D392CB8FBD}"
EndProject
Project("{9A19103F-16F7-4668-BE54-9A1E7A4F7556}") = "EscapeHit.App.Database.Design", "EscapeHit.App.Database.Design\EscapeHit.App.Database.Design.csproj", "{6BD54FD5-7616-4DD3-99A4-2FB5066651A6}"
EndProject
Project("{9A19103F-16F7-4668-BE54-9A1E7A4F7556}") = "EscapeHit.App.WebApi", "EscapeHit.App.WebApi\EscapeHit.App.WebApi.csproj", "{C6F30120-1174-4014-A38F-5A25A400D555}"
EndProject
Global
	GlobalSection(SolutionConfigurationPlatforms) = preSolution
		Debug|Any CPU = Debug|Any CPU
		Release|Any CPU = Release|Any CPU
	EndGlobalSection
	GlobalSection(ProjectConfigurationPlatforms) = postSolution
		{5A84524E-C9B6-4052-81A9-6B5FDAD573AC}.Debug|Any CPU.ActiveCfg = Debug|Any CPU
		{5A84524E-C9B6-4052-81A9-6B5FDAD573AC}.Debug|Any CPU.Build.0 = Debug|Any CPU
		{5A84524E-C9B6-4052-81A9-6B5FDAD573AC}.Release|Any CPU.ActiveCfg = Release|Any CPU
		{5A84524E-C9B6-4052-81A9-6B5FDAD573AC}.Release|Any CPU.Build.0 = Release|Any CPU
		{EC7D9639-FDBB-4B03-913C-44D392CB8FBD}.Debug|Any CPU.ActiveCfg = Debug|Any CPU
		{EC7D9639-FDBB-4B03-913C-44D392CB8FBD}.Debug|Any CPU.Build.0 = Debug|Any CPU
		{EC7D9639-FDBB-4B03-913C-44D392CB8FBD}.Release|Any CPU.ActiveCfg = Release|Any CPU
		{EC7D9639-FDBB-4B03-913C-44D392CB8FBD}.Release|Any CPU.Build.0 = Release|Any CPU
		{6BD54FD5-7616-4DD3-99A4-2FB5066651A6}.Debug|Any CPU.ActiveCfg = Debug|Any CPU
		{6BD54FD5-7616-4DD3-99A4-2FB5066651A6}.Debug|Any CPU.Build.0 = Debug|Any CPU
		{6BD54FD5-7616-4DD3-99A4-2FB5066651A6}.Release|Any CPU.ActiveCfg = Release|Any CPU
		{6BD54FD5-7616-4DD3-99A4-2FB5066651A6}.Release|Any CPU.Build.0 = Release|Any CPU
		{C6F30120-1174-4014-A38F-5A25A400D555}.Debug|Any CPU.ActiveCfg = Debug|Any CPU
		{C6F30120-1174-4014-A38F-5A25A400D555}.Debug|Any CPU.Build.0 = Debug|Any CPU
		{C6F30120-1174-4014-A38F-5A25A400D555}.Release|Any CPU.ActiveCfg = Release|Any CPU
		{C6F30120-1174-4014-A38F-5A25A400D555}.Release|Any CPU.Build.0 = Release|Any CPU
	EndGlobalSection
	GlobalSection(SolutionProperties) = preSolution
		HideSolutionNode = FALSE
	EndGlobalSection
	GlobalSection(ExtensibilityGlobals) = postSolution
		SolutionGuid = {B1D619CF-2C52-4F0A-9034-C10A04583982}
	EndGlobalSection
EndGlobal
